
Microsoft Visual Studio Solution File, Format Version 12.00
# Visual Studio Version 17
VisualStudioVersion = 17.4.33205.214
MinimumVisualStudioVersion = 10.0.40219.1
Project("{FAE04EC0-301F-11D3-BF4B-00C04F79EFBC}") = "MailService", "MailService\MailService.csproj", "{09186FFA-05BA-4387-8F30-B525CDFF2380}"
EndProject
Global
	GlobalSection(SolutionConfigurationPlatforms) = preSolution
		Debug|Any CPU = Debug|Any CPU
		Release|Any CPU = Release|Any CPU
	EndGlobalSection
	GlobalSection(ProjectConfigurationPlatforms) = postSolution
		{09186FFA-05BA-4387-8F30-B525CDFF2380}.Debug|Any CPU.ActiveCfg = Debug|Any CPU
		{09186FFA-05BA-4387-8F30-B525CDFF2380}.Debug|Any CPU.Build.0 = Debug|Any CPU
		{09186FFA-05BA-4387-8F30-B525CDFF2380}.Release|Any CPU.ActiveCfg = Release|Any CPU
		{09186FFA-05BA-4387-8F30-B525CDFF2380}.Release|Any CPU.Build.0 = Release|Any CPU
	EndGlobalSection
	GlobalSection(SolutionProperties) = preSolution
		HideSolutionNode = FALSE
	EndGlobalSection
	GlobalSection(ExtensibilityGlobals) = postSolution
		SolutionGuid = {EC5D860B-ED31-4571-B8C5-8088CA60F80D}
	EndGlobalSection
EndGlobal
